
Microsoft Visual Studio Solution File, Format Version 12.00
# Visual Studio Version 17
VisualStudioVersion = 17.0.31919.166
MinimumVisualStudioVersion = 10.0.40219.1
Project("{9A19103F-16F7-4668-BE54-9A1E7A4F7556}") = "BlazorMCIC.Server", "BlazorMCIC\Server\BlazorMCIC.Server.csproj", "{21ED8746-9D05-4D33-B74D-B08E4ECD52A0}"
EndProject
Project("{9A19103F-16F7-4668-BE54-9A1E7A4F7556}") = "BlazorMCIC.Client", "BlazorMCIC\Client\BlazorMCIC.Client.csproj", "{29266612-5600-43CA-A93C-7165DFCB979B}"
EndProject
Project("{9A19103F-16F7-4668-BE54-9A1E7A4F7556}") = "BlazorMCIC.Shared", "BlazorMCIC\Shared\BlazorMCIC.Shared.csproj", "{07B9FD20-A87D-4395-A5B7-A9081D320EDB}"
EndProject
Global
	GlobalSection(SolutionConfigurationPlatforms) = preSolution
		Debug|Any CPU = Debug|Any CPU
		Release|Any CPU = Release|Any CPU
	EndGlobalSection
	GlobalSection(ProjectConfigurationPlatforms) = postSolution
		{21ED8746-9D05-4D33-B74D-B08E4ECD52A0}.Debug|Any CPU.ActiveCfg = Debug|Any CPU
		{21ED8746-9D05-4D33-B74D-B08E4ECD52A0}.Debug|Any CPU.Build.0 = Debug|Any CPU
		{21ED8746-9D05-4D33-B74D-B08E4ECD52A0}.Release|Any CPU.ActiveCfg = Release|Any CPU
		{21ED8746-9D05-4D33-B74D-B08E4ECD52A0}.Release|Any CPU.Build.0 = Release|Any CPU
		{29266612-5600-43CA-A93C-7165DFCB979B}.Debug|Any CPU.ActiveCfg = Debug|Any CPU
		{29266612-5600-43CA-A93C-7165DFCB979B}.Debug|Any CPU.Build.0 = Debug|Any CPU
		{29266612-5600-43CA-A93C-7165DFCB979B}.Release|Any CPU.ActiveCfg = Release|Any CPU
		{29266612-5600-43CA-A93C-7165DFCB979B}.Release|Any CPU.Build.0 = Release|Any CPU
		{07B9FD20-A87D-4395-A5B7-A9081D320EDB}.Debug|Any CPU.ActiveCfg = Debug|Any CPU
		{07B9FD20-A87D-4395-A5B7-A9081D320EDB}.Debug|Any CPU.Build.0 = Debug|Any CPU
		{07B9FD20-A87D-4395-A5B7-A9081D320EDB}.Release|Any CPU.ActiveCfg = Release|Any CPU
		{07B9FD20-A87D-4395-A5B7-A9081D320EDB}.Release|Any CPU.Build.0 = Release|Any CPU
	EndGlobalSection
	GlobalSection(SolutionProperties) = preSolution
		HideSolutionNode = FALSE
	EndGlobalSection
	GlobalSection(ExtensibilityGlobals) = postSolution
		SolutionGuid = {1D53CDE3-486A-45F8-8CBD-3C832D027298}
	EndGlobalSection
EndGlobal
